PODS:
  - Flutter (1.0.0)
  - integration_test (0.0.1):
    - Flutter
  - ola_maps_flutter (0.0.1):
    - Flutter

DEPENDENCIES:
  - Flutter (from `Flutter`)
  - integration_test (from `.symlinks/plugins/integration_test/ios`)
  - ola_maps_flutter (from `.symlinks/plugins/ola_maps_flutter/ios`)

EXTERNAL SOURCES:
  Flutter:
    :path: Flutter
  integration_test:
    :path: ".symlinks/plugins/integration_test/ios"
  ola_maps_flutter:
    :path: ".symlinks/plugins/ola_maps_flutter/ios"

SPEC CHECKSUMS:
  Flutter: e0871f40cf51350855a761d2e70bf5af5b9b5de7
  integration_test: 4a889634ef21a45d28d50d622cf412dc6d9f586e
  ola_maps_flutter: 355a23b6bf56ff93c14a68781cfdb530d873f817

PODFILE CHECKSUM: 251cb053df7158f337c0712f2ab29f4e0fa474ce

COCOAPODS: 1.16.2
